
Microsoft Visual Studio Solution File, Format Version 12.00
# Visual Studio 14
VisualStudioVersion = 14.0.25420.1
MinimumVisualStudioVersion = 10.0.40219.1
Project("{FAE04EC0-301F-11D3-BF4B-00C04F79EFBC}") = "ThuanNV", "ThuanNV\ThuanNV.csproj", "{A70D6A9E-FDA0-4B5B-B0A6-5E3B3258B2C8}"
EndProject
Project("{FAE04EC0-301F-11D3-BF4B-00C04F79EFBC}") = "ConsoleApplication1", "ConsoleApplication1\ConsoleApplication1.csproj", "{7CEC76EF-15D6-46CD-B60B-081CC6EF55CC}"
EndProject
Global
	GlobalSection(SolutionConfigurationPlatforms) = preSolution
		Debug|Any CPU = Debug|Any CPU
		Release|Any CPU = Release|Any CPU
	EndGlobalSection
	GlobalSection(ProjectConfigurationPlatforms) = postSolution
		{A70D6A9E-FDA0-4B5B-B0A6-5E3B3258B2C8}.Debug|Any CPU.ActiveCfg = Debug|Any CPU
		{A70D6A9E-FDA0-4B5B-B0A6-5E3B3258B2C8}.Debug|Any CPU.Build.0 = Debug|Any CPU
		{A70D6A9E-FDA0-4B5B-B0A6-5E3B3258B2C8}.Release|Any CPU.ActiveCfg = Release|Any CPU
		{A70D6A9E-FDA0-4B5B-B0A6-5E3B3258B2C8}.Release|Any CPU.Build.0 = Release|Any CPU
		{7CEC76EF-15D6-46CD-B60B-081CC6EF55CC}.Debug|Any CPU.ActiveCfg = Debug|Any CPU
		{7CEC76EF-15D6-46CD-B60B-081CC6EF55CC}.Debug|Any CPU.Build.0 = Debug|Any CPU
		{7CEC76EF-15D6-46CD-B60B-081CC6EF55CC}.Release|Any CPU.ActiveCfg = Release|Any CPU
		{7CEC76EF-15D6-46CD-B60B-081CC6EF55CC}.Release|Any CPU.Build.0 = Release|Any CPU
	EndGlobalSection
	GlobalSection(SolutionProperties) = preSolution
		HideSolutionNode = FALSE
	EndGlobalSection
EndGlobal
